// !$*UTF8*$!
{
	archiveVersion = 1;
	classes = {
	};
	objectVersion = 50;
	objects = {

/* Begin PBXBuildFile section */
		C1414803243C3BFB00BEAB7C /* AppDelegate.swift in Sources */ = {isa = PBXBuildFile; fileRef = C1414802243C3BFB00BEAB7C /* AppDelegate.swift */; };
		C1414805243C3BFB00BEAB7C /* SceneDelegate.swift in Sources */ = {isa = PBXBuildFile; fileRef = C1414804243C3BFB00BEAB7C /* SceneDelegate.swift */; };
		C1414807243C3BFB00BEAB7C /* ContentView.swift in Sources */ = {isa = PBXBuildFile; fileRef = C1414806243C3BFB00BEAB7C /* ContentView.swift */; };
		C1414809243C3C0600BEAB7C /* Assets.xcassets in Resources */ = {isa = PBXBuildFile; fileRef = C1414808243C3C0600BEAB7C /* Assets.xcassets */; };
		C141480C243C3C0600BEAB7C /* Preview Assets.xcassets in Resources */ = {isa = PBXBuildFile; fileRef = C141480B243C3C0600BEAB7C /* Preview Assets.xcassets */; };
		C141480F243C3C0600BEAB7C /* LaunchScreen.storyboard in Resources */ = {isa = PBXBuildFile; fileRef = C141480D243C3C0600BEAB7C /* LaunchScreen.storyboard */; };
		C15C9C7E24457C6600758AC1 /* MenuView.swift in Sources */ = {isa = PBXBuildFile; fileRef = C15C9C7D24457C6600758AC1 /* MenuView.swift */; };
/* End PBXBuildFile section */

/* Begin PBXFileReference section */
		C14147FF243C3BFB00BEAB7C /* SnakeApp.app */ = {isa = PBXFileReference; explicitFileType = wrapper.application; includeInIndex = 0; path = SnakeApp.app; sourceTree = BUILT_PRODUCTS_DIR; };
		C1414802243C3BFB00BEAB7C /* AppDelegate.swift */ = {isa = PBXFileReference; lastKnownFileType = sourcecode.swift; path = AppDelegate.swift; sourceTree = "<group>"; };
		C1414804243C3BFB00BEAB7C /* SceneDelegate.swift */ = {isa = PBXFileReference; lastKnownFileType = sourcecode.swift; path = SceneDelegate.swift; sourceTree = "<group>"; };
		C1414806243C3BFB00BEAB7C /* ContentView.swift */ = {isa = PBXFileReference; lastKnownFileType = sourcecode.swift; path = ContentView.swift; sourceTree = "<group>"; };
		C1414808243C3C0600BEAB7C /* Assets.xcassets */ = {isa = PBXFileReference; lastKnownFileType = folder.assetcatalog; path = Assets.xcassets; sourceTree = "<group>"; };
		C141480B243C3C0600BEAB7C /* Preview Assets.xcassets */ = {isa = PBXFileReference; lastKnownFileType = folder.assetcatalog; path = "Preview Assets.xcassets"; sourceTree = "<group>"; };
		C141480E243C3C0600BEAB7C /* Base */ = {isa = PBXFileReference; lastKnownFileType = file.storyboard; name = Base; path = Base.lproj/LaunchScreen.storyboard; sourceTree = "<group>"; };
		C1414810243C3C0600BEAB7C /* Info.plist */ = {isa = PBXFileReference; lastKnownFileType = text.plist.xml; path = Info.plist; sourceTree = "<group>"; };
		C15C9C7D24457C6600758AC1 /* MenuView.swift */ = {isa = PBXFileReference; lastKnownFileType = sourcecode.swift; path = MenuView.swift; sourceTree = "<group>"; };
/* End PBXFileReference section */

/* Begin PBXFrameworksBuildPhase section */
		C14147FC243C3BFB00BEAB7C /* Frameworks */ = {
			isa = PBXFrameworksBuildPhase;
			buildActionMask = 2147483647;
			files = (
			);
			runOnlyForDeploymentPostprocessing = 0;
		};
/* End PBXFrameworksBuildPhase section */

/* Begin PBXGroup section */
		C14147F6243C3BFB00BEAB7C = {
			isa = PBXGroup;
			children = (
				C1414801243C3BFB00BEAB7C /* SnakeApp */,
				C1414800243C3BFB00BEAB7C /* Products */,
			);
			sourceTree = "<group>";
		};
		C1414800243C3BFB00BEAB7C /* Products */ = {
			isa = PBXGroup;
			children = (
				C14147FF243C3BFB00BEAB7C /* SnakeApp.app */,
			);
			name = Products;
			sourceTree = "<group>";
		};
		C1414801243C3BFB00BEAB7C /* SnakeApp */ = {
			isa = PBXGroup;
			children = (
				C1414802243C3BFB00BEAB7C /* AppDelegate.swift */,
				C1414804243C3BFB00BEAB7C /* SceneDelegate.swift */,
				C1414806243C3BFB00BEAB7C /* ContentView.swift */,
				C15C9C7D24457C6600758AC1 /* MenuView.swift */,
				C1414808243C3C0600BEAB7C /* Assets.xcassets */,
				C141480D243C3C0600BEAB7C /* LaunchScreen.storyboard */,
				C1414810243C3C0600BEAB7C /* Info.plist */,
				C141480A243C3C0600BEAB7C /* Preview Content */,
			);
			path = SnakeApp;
			sourceTree = "<group>";
		};
		C141480A243C3C0600BEAB7C /* Preview Content */ = {
			isa = PBXGroup;
			children = (
				C141480B243C3C0600BEAB7C /* Preview Assets.xcassets */,
			);
			path = "Preview Content";
			sourceTree = "<group>";
		};
/* End PBXGroup section */

/* Begin PBXNativeTarget section */
		C14147FE243C3BFB00BEAB7C /* SnakeApp */ = {
			isa = PBXNativeTarget;
			buildConfigurationList = C1414813243C3C0600BEAB7C /* Build configuration list for PBXNativeTarget "SnakeApp" */;
			buildPhases = (
				C14147FB243C3BFB00BEAB7C /* Sources */,
				C14147FC243C3BFB00BEAB7C /* Frameworks */,
				C14147FD243C3BFB00BEAB7C /* Resources */,
			);
			buildRules = (
			);
			dependencies = (
			);
			name = SnakeApp;
			productName = SnakeApp;
			productReference = C14147FF243C3BFB00BEAB7C /* SnakeApp.app */;
			productType = "com.apple.product-type.application";
		};
/* End PBXNativeTarget section */

/* Begin PBXProject section */
		C14147F7243C3BFB00BEAB7C /* Project object */ = {
			isa = PBXProject;
			attributes = {
				LastSwiftUpdateCheck = 1140;
				LastUpgradeCheck = 1140;
				ORGANIZATIONNAME = Casuy;
				TargetAttributes = {
					C14147FE243C3BFB00BEAB7C = {
						CreatedOnToolsVersion = 11.4;
					};
				};
			};
			buildConfigurationList = C14147FA243C3BFB00BEAB7C /* Build configuration list for PBXProject "SnakeApp" */;
			compatibilityVersion = "Xcode 9.3";
			developmentRegion = en;
			hasScannedForEncodings = 0;
			knownRegions = (
				en,
				Base,
			);
			mainGroup = C14147F6243C3BFB00BEAB7C;
			productRefGroup = C1414800243C3BFB00BEAB7C /* Products */;
			projectDirPath = "";
			projectRoot = "";
			targets = (
				C14147FE243C3BFB00BEAB7C /* SnakeApp */,
			);
		};
/* End PBXProject section */

/* Begin PBXResourcesBuildPhase section */
		C14147FD243C3BFB00BEAB7C /* Resources */ = {
			isa = PBXResourcesBuildPhase;
			buildActionMask = 2147483647;
			files = (
				C141480F243C3C0600BEAB7C /* LaunchScreen.storyboard in Resources */,
				C141480C243C3C0600BEAB7C /* Preview Assets.xcassets in Resources */,
				C1414809243C3C0600BEAB7C /* Assets.xcassets in Resources */,
			);
			runOnlyForDeploymentPostprocessing = 0;
		};
/* End PBXResourcesBuildPhase section */

/* Begin PBXSourcesBuildPhase section */
		C14147FB243C3BFB00BEAB7C /* Sources */ = {
			isa = PBXSourcesBuildPhase;
			buildActionMask = 2147483647;
			files = (
				C1414803243C3BFB00BEAB7C /* AppDelegate.swift in Sources */,
				C15C9C7E24457C6600758AC1 /* MenuView.swift in Sources */,
				C1414805243C3BFB00BEAB7C /* SceneDelegate.swift in Sources */,
				C1414807243C3BFB00BEAB7C /* ContentView.swift in Sources */,
			);
			runOnlyForDeploymentPostprocessing = 0;
		};
/* End PBXSourcesBuildPhase section */

/* Begin PBXVariantGroup section */
		C141480D243C3C0600BEAB7C /* LaunchScreen.storyboard */ = {
			isa = PBXVariantGroup;
			children = (
				C141480E243C3C0600BEAB7C /* Base */,
			);
			name = LaunchScreen.storyboard;
			sourceTree = "<group>";
		};
/* End PBXVariantGroup section */

/* Begin XCBuildConfiguration section */
		C1414811243C3C0600BEAB7C /* Debug */ = {
			isa = XCBuildConfiguration;
			buildSettings = {
				ALWAYS_SEARCH_USER_PATHS = NO;
				CLANG_ANALYZER_NONNULL = YES;
				CLANG_ANALYZER_NUMBER_OBJECT_CONVERSION = YES_AGGRESSIVE;
				CLANG_CXX_LANGUAGE_STANDARD = "gnu++14";
				CLANG_CXX_LIBRARY = "libc++";
				CLANG_ENABLE_MODULES = YES;
				CLANG_ENABLE_OBJC_ARC = YES;
				CLANG_ENABLE_OBJC_WEAK = YES;
				CLANG_WARN_BLOCK_CAPTURE_AUTORELEASING = YES;
				CLANG_WARN_BOOL_CONVERSION = YES;
				CLANG_WARN_COMMA = YES;
				CLANG_WARN_CONSTANT_CONVERSION = YES;
				CLANG_WARN_DEPRECATED_OBJC_IMPLEMENTATIONS = YES;
				CLANG_WARN_DIRECT_OBJC_ISA_USAGE = YES_ERROR;
				CLANG_WARN_DOCUMENTATION_COMMENTS = YES;
				CLANG_WARN_EMPTY_BODY = YES;
				CLANG_WARN_ENUM_CONVERSION = YES;
				CLANG_WARN_INFINITE_RECURSION = YES;
				CLANG_WARN_INT_CONVERSION = YES;
				CLANG_WARN_NON_LITERAL_NULL_CONVERSION = YES;
				CLANG_WARN_OBJC_IMPLICIT_RETAIN_SELF = YES;
				CLANG_WARN_OBJC_LITERAL_CONVERSION = YES;
				CLANG_WARN_OBJC_ROOT_CLASS = YES_ERROR;
				CLANG_WARN_RANGE_LOOP_ANALYSIS = YES;
				CLANG_WARN_STRICT_PROTOTYPES = YES;
				CLANG_WARN_SUSPICIOUS_MOVE = YES;
				CLANG_WARN_UNGUARDED_AVAILABILITY = YES_AGGRESSIVE;
				CLANG_WARN_UNREACHABLE_CODE = YES;
				CLANG_WARN__DUPLICATE_METHOD_MATCH = YES;
				COPY_PHASE_STRIP = NO;
				DEBUG_INFORMATION_FORMAT = dwarf;
				ENABLE_STRICT_OBJC_MSGSEND = YES;
				ENABLE_TESTABILITY = YES;
				GCC_C_LANGUAGE_STANDARD = gnu11;
				GCC_DYNAMIC_NO_PIC = NO;
				GCC_NO_COMMON_BLOCKS = YES;
				GCC_OPTIMIZATION_LEVEL = 0;
				GCC_PREPROCESSOR_DEFINITIONS = (
					"DEBUG=1",
					"$(inherited)",
				);
				GCC_WARN_64_TO_32_BIT_CONVERSION = YES;
				GCC_WARN_ABOUT_RETURN_TYPE = YES_ERROR;
				GCC_WARN_UNDECLARED_SELECTOR = YES;
				GCC_WARN_UNINITIALIZED_AUTOS = YES_AGGRESSIVE;
				GCC_WARN_UNUSED_FUNCTION = YES;
				GCC_WARN_UNUSED_VARIABLE = YES;
				IPHONEOS_DEPLOYMENT_TARGET = 13.4;
				MTL_ENABLE_DEBUG_INFO = INCLUDE_SOURCE;
				MTL_FAST_MATH = YES;
				ONLY_ACTIVE_ARCH = YES;
				SDKROOT = iphoneos;
				SWIFT_ACTIVE_COMPILATION_CONDITIONS = DEBUG;
				SWIFT_OPTIMIZATION_LEVEL = "-Onone";
			};
			name = Debug;
		};
		C1414812243C3C0600BEAB7C /* Release */ = {
			isa = XCBuildConfiguration;
			buildSettings = {
				ALWAYS_SEARCH_USER_PATHS = NO;
				CLANG_ANALYZER_NONNULL = YES;
				CLANG_ANALYZER_NUMBER_OBJECT_CONVERSION = YES_AGGRESSIVE;
				CLANG_CXX_LANGUAGE_STANDARD = "gnu++14";
				CLANG_CXX_LIBRARY = "libc++";
				CLANG_ENABLE_MODULES = YES;
				CLANG_ENABLE_OBJC_ARC = YES;
				CLANG_ENABLE_OBJC_WEAK = YES;
				CLANG_WARN_BLOCK_CAPTURE_AUTORELEASING = YES;
				CLANG_WARN_BOOL_CONVERSION = YES;
				CLANG_WARN_COMMA = YES;
				CLANG_WARN_CONSTANT_CONVERSION = YES;
				CLANG_WARN_DEPRECATED_OBJC_IMPLEMENTATIONS = YES;
				CLANG_WARN_DIRECT_OBJC_ISA_USAGE = YES_ERROR;
				CLANG_WARN_DOCUMENTATION_COMMENTS = YES;
				CLANG_WARN_EMPTY_BODY = YES;
				CLANG_WARN_ENUM_CONVERSION = YES;
				CLANG_WARN_INFINITE_RECURSION = YES;
				CLANG_WARN_INT_CONVERSION = YES;
				CLANG_WARN_NON_LITERAL_NULL_CONVERSION = YES;
				CLANG_WARN_OBJC_IMPLICIT_RETAIN_SELF = YES;
				CLANG_WARN_OBJC_LITERAL_CONVERSION = YES;
				CLANG_WARN_OBJC_ROOT_CLASS = YES_ERROR;
				CLANG_WARN_RANGE_LOOP_ANALYSIS = YES;
				CLANG_WARN_STRICT_PROTOTYPES = YES;
				CLANG_WARN_SUSPICIOUS_MOVE = YES;
				CLANG_WARN_UNGUARDED_AVAILABILITY = YES_AGGRESSIVE;
				CLANG_WARN_UNREACHABLE_CODE = YES;
				CLANG_WARN__DUPLICATE_METHOD_MATCH = YES;
				COPY_PHASE_STRIP = NO;
				DEBUG_INFORMATION_FORMAT = "dwarf-with-dsym";
				ENABLE_NS_ASSERTIONS = NO;
				ENABLE_STRICT_OBJC_MSGSEND = YES;
				GCC_C_LANGUAGE_STANDARD = gnu11;
				GCC_NO_COMMON_BLOCKS = YES;
				GCC_WARN_64_TO_32_BIT_CONVERSION = YES;
				GCC_WARN_ABOUT_RETURN_TYPE = YES_ERROR;
				GCC_WARN_UNDECLARED_SELECTOR = YES;
				GCC_WARN_UNINITIALIZED_AUTOS = YES_AGGRESSIVE;
				GCC_WARN_UNUSED_FUNCTION = YES;
				GCC_WARN_UNUSED_VARIABLE = YES;
				IPHONEOS_DEPLOYMENT_TARGET = 13.4;
				MTL_ENABLE_DEBUG_INFO = NO;
				MTL_FAST_MATH = YES;
				SDKROOT = iphoneos;
				SWIFT_COMPILATION_MODE = wholemodule;
				SWIFT_OPTIMIZATION_LEVEL = "-O";
				VALIDATE_PRODUCT = YES;
			};
			name = Release;
		};
		C1414814243C3C0600BEAB7C /* Debug */ = {
			isa = XCBuildConfiguration;
			buildSettings = {
				ASSETCATALOG_COMPILER_APPICON_NAME = AppIcon;
				CODE_SIGN_STYLE = Automatic;
				DEVELOPMENT_ASSET_PATHS = "\"SnakeApp/Preview Content\"";
				ENABLE_PREVIEWS = YES;
				INFOPLIST_FILE = SnakeApp/Info.plist;
				LD_RUNPATH_SEARCH_PATHS = (
					"$(inherited)",
					"@executable_path/Frameworks",
				);
				PRODUCT_BUNDLE_IDENTIFIER = com.casuy.SnakeApp;
				PRODUCT_NAME = "$(TARGET_NAME)";
				SWIFT_VERSION = 5.0;
				TARGETED_DEVICE_FAMILY = "1,2";
			};
			name = Debug;
		};
		C1414815243C3C0600BEAB7C /* Release */ = {
			isa = XCBuildConfiguration;
			buildSettings = {
				ASSETCATALOG_COMPILER_APPICON_NAME = AppIcon;
				CODE_SIGN_STYLE = Automatic;
				DEVELOPMENT_ASSET_PATHS = "\"SnakeApp/Preview Content\"";
				ENABLE_PREVIEWS = YES;
				INFOPLIST_FILE = SnakeApp/Info.plist;
				LD_RUNPATH_SEARCH_PATHS = (
					"$(inherited)",
					"@executable_path/Frameworks",
				);
				PRODUCT_BUNDLE_IDENTIFIER = com.casuy.SnakeApp;
				PRODUCT_NAME = "$(TARGET_NAME)";
				SWIFT_VERSION = 5.0;
				TARGETED_DEVICE_FAMILY = "1,2";
			};
			name = Release;
		};
/* End XCBuildConfiguration section */

/* Begin XCConfigurationList section */
		C14147FA243C3BFB00BEAB7C /* Build configuration list for PBXProject "SnakeApp" */ = {
			isa = XCConfigurationList;
			buildConfigurations = (
				C1414811243C3C0600BEAB7C /* Debug */,
				C1414812243C3C0600BEAB7C /* Release */,
			);
			defaultConfigurationIsVisible = 0;
			defaultConfigurationName = Release;
		};
		C1414813243C3C0600BEAB7C /* Build configuration list for PBXNativeTarget "SnakeApp" */ = {
			isa = XCConfigurationList;
			buildConfigurations = (
				C1414814243C3C0600BEAB7C /* Debug */,
				C1414815243C3C0600BEAB7C /* Release */,
			);
			defaultConfigurationIsVisible = 0;
			defaultConfigurationName = Release;
		};
/* End XCConfigurationList section */
	};
	rootObject = C14147F7243C3BFB00BEAB7C /* Project object */;
}
