// !$*UTF8*$!
{
	archiveVersion = 1;
	classes = {
	};
	objectVersion = 52;
	objects = {

/* Begin PBXBuildFile section */
		C1414803243C3BFB00BEAB7C /* AppDelegate.swift in Sources */ = {isa = PBXBuildFile; fileRef = C1414802243C3BFB00BEAB7C /* AppDelegate.swift */; };
		C1414805243C3BFB00BEAB7C /* SceneDelegate.swift in Sources */ = {isa = PBXBuildFile; fileRef = C1414804243C3BFB00BEAB7C /* SceneDelegate.swift */; };
		C1414807243C3BFB00BEAB7C /* ContentView.swift in Sources */ = {isa = PBXBuildFile; fileRef = C1414806243C3BFB00BEAB7C /* ContentView.swift */; };
		C1414809243C3C0600BEAB7C /* Assets.xcassets in Resources */ = {isa = PBXBuildFile; fileRef = C1414808243C3C0600BEAB7C /* Assets.xcassets */; };
		C141480C243C3C0600BEAB7C /* Preview Assets.xcassets in Resources */ = {isa = PBXBuildFile; fileRef = C141480B243C3C0600BEAB7C /* Preview Assets.xcassets */; };
		C141480F243C3C0600BEAB7C /* LaunchScreen.storyboard in Resources */ = {isa = PBXBuildFile; fileRef = C141480D243C3C0600BEAB7C /* LaunchScreen.storyboard */; };
		C147E2AD2449C29300128E1E /* Modifiers.swift in Sources */ = {isa = PBXBuildFile; fileRef = C147E2AC2449C29300128E1E /* Modifiers.swift */; };
		C147E2C6244AC40F00128E1E /* WorkSans-VariableFont_wght.ttf in Resources */ = {isa = PBXBuildFile; fileRef = C147E2AF244AC40E00128E1E /* WorkSans-VariableFont_wght.ttf */; };
		C147E2C7244AC40F00128E1E /* WorkSans-Regular.ttf in Resources */ = {isa = PBXBuildFile; fileRef = C147E2B1244AC40E00128E1E /* WorkSans-Regular.ttf */; };
		C147E2C8244AC40F00128E1E /* WorkSans-Light.ttf in Resources */ = {isa = PBXBuildFile; fileRef = C147E2B2244AC40E00128E1E /* WorkSans-Light.ttf */; };
		C147E2C9244AC40F00128E1E /* WorkSans-ExtraBold.ttf in Resources */ = {isa = PBXBuildFile; fileRef = C147E2B3244AC40E00128E1E /* WorkSans-ExtraBold.ttf */; };
		C147E2CA244AC40F00128E1E /* WorkSans-SemiBoldItalic.ttf in Resources */ = {isa = PBXBuildFile; fileRef = C147E2B4244AC40E00128E1E /* WorkSans-SemiBoldItalic.ttf */; };
		C147E2CB244AC40F00128E1E /* WorkSans-MediumItalic.ttf in Resources */ = {isa = PBXBuildFile; fileRef = C147E2B5244AC40E00128E1E /* WorkSans-MediumItalic.ttf */; };
		C147E2CC244AC40F00128E1E /* WorkSans-BoldItalic.ttf in Resources */ = {isa = PBXBuildFile; fileRef = C147E2B6244AC40E00128E1E /* WorkSans-BoldItalic.ttf */; };
		C147E2CD244AC40F00128E1E /* WorkSans-ExtraLight.ttf in Resources */ = {isa = PBXBuildFile; fileRef = C147E2B7244AC40E00128E1E /* WorkSans-ExtraLight.ttf */; };
		C147E2CE244AC40F00128E1E /* WorkSans-ThinItalic.ttf in Resources */ = {isa = PBXBuildFile; fileRef = C147E2B8244AC40E00128E1E /* WorkSans-ThinItalic.ttf */; };
		C147E2CF244AC40F00128E1E /* WorkSans-ExtraLightItalic.ttf in Resources */ = {isa = PBXBuildFile; fileRef = C147E2B9244AC40E00128E1E /* WorkSans-ExtraLightItalic.ttf */; };
		C147E2D0244AC40F00128E1E /* WorkSans-Medium.ttf in Resources */ = {isa = PBXBuildFile; fileRef = C147E2BA244AC40E00128E1E /* WorkSans-Medium.ttf */; };
		C147E2D1244AC40F00128E1E /* WorkSans-SemiBold.ttf in Resources */ = {isa = PBXBuildFile; fileRef = C147E2BB244AC40E00128E1E /* WorkSans-SemiBold.ttf */; };
		C147E2D2244AC40F00128E1E /* WorkSans-Italic.ttf in Resources */ = {isa = PBXBuildFile; fileRef = C147E2BC244AC40E00128E1E /* WorkSans-Italic.ttf */; };
		C147E2D3244AC40F00128E1E /* WorkSans-BlackItalic.ttf in Resources */ = {isa = PBXBuildFile; fileRef = C147E2BD244AC40E00128E1E /* WorkSans-BlackItalic.ttf */; };
		C147E2D4244AC40F00128E1E /* WorkSans-Thin.ttf in Resources */ = {isa = PBXBuildFile; fileRef = C147E2BE244AC40E00128E1E /* WorkSans-Thin.ttf */; };
		C147E2D5244AC40F00128E1E /* WorkSans-Black.ttf in Resources */ = {isa = PBXBuildFile; fileRef = C147E2BF244AC40E00128E1E /* WorkSans-Black.ttf */; };
		C147E2D6244AC40F00128E1E /* WorkSans-LightItalic.ttf in Resources */ = {isa = PBXBuildFile; fileRef = C147E2C0244AC40F00128E1E /* WorkSans-LightItalic.ttf */; };
		C147E2D7244AC40F00128E1E /* WorkSans-ExtraBoldItalic.ttf in Resources */ = {isa = PBXBuildFile; fileRef = C147E2C1244AC40F00128E1E /* WorkSans-ExtraBoldItalic.ttf */; };
		C147E2D8244AC40F00128E1E /* WorkSans-Bold.ttf in Resources */ = {isa = PBXBuildFile; fileRef = C147E2C2244AC40F00128E1E /* WorkSans-Bold.ttf */; };
		C147E2D9244AC40F00128E1E /* WorkSans-Italic-VariableFont_wght.ttf in Resources */ = {isa = PBXBuildFile; fileRef = C147E2C3244AC40F00128E1E /* WorkSans-Italic-VariableFont_wght.ttf */; };
		C147E2DA244AC40F00128E1E /* OFL.txt in Resources */ = {isa = PBXBuildFile; fileRef = C147E2C4244AC40F00128E1E /* OFL.txt */; };
		C147E2DB244AC40F00128E1E /* README.txt in Resources */ = {isa = PBXBuildFile; fileRef = C147E2C5244AC40F00128E1E /* README.txt */; };
		C147E2DD244C080100128E1E /* SnakeList.swift in Sources */ = {isa = PBXBuildFile; fileRef = C147E2DC244C080100128E1E /* SnakeList.swift */; };
		C15C9C7E24457C6600758AC1 /* MenuView.swift in Sources */ = {isa = PBXBuildFile; fileRef = C15C9C7D24457C6600758AC1 /* MenuView.swift */; };
		C15E2DF824499D0E00B2139B /* TabBar.swift in Sources */ = {isa = PBXBuildFile; fileRef = C15E2DF724499D0E00B2139B /* TabBar.swift */; };
		C15E2DFC2449A39B00B2139B /* RingView.swift in Sources */ = {isa = PBXBuildFile; fileRef = C15E2DFB2449A39B00B2139B /* RingView.swift */; };
		C15F3031244E71CF00A3C11E /* UpdateModel.xcdatamodeld in Sources */ = {isa = PBXBuildFile; fileRef = C15F302F244E71CF00A3C11E /* UpdateModel.xcdatamodeld */; };
		C15F3044244E84D500A3C11E /* Result+CoreDataClass.swift in Sources */ = {isa = PBXBuildFile; fileRef = C15F3042244E84D500A3C11E /* Result+CoreDataClass.swift */; };
		C15F3045244E84D500A3C11E /* Result+CoreDataProperties.swift in Sources */ = {isa = PBXBuildFile; fileRef = C15F3043244E84D500A3C11E /* Result+CoreDataProperties.swift */; };
		C15F3047244E84EB00A3C11E /* ResultList.swift in Sources */ = {isa = PBXBuildFile; fileRef = C15F3046244E84EB00A3C11E /* ResultList.swift */; };
		C18094F02448596E00AC5573 /* Home.swift in Sources */ = {isa = PBXBuildFile; fileRef = C18094EF2448596E00AC5573 /* Home.swift */; };
		C18094F224486A5A00AC5573 /* HomeView.swift in Sources */ = {isa = PBXBuildFile; fileRef = C18094F124486A5A00AC5573 /* HomeView.swift */; };
		C18094F424487EE600AC5573 /* UpdateList.swift in Sources */ = {isa = PBXBuildFile; fileRef = C18094F324487EE600AC5573 /* UpdateList.swift */; };
		C18094F62448824A00AC5573 /* UpdateDetail.swift in Sources */ = {isa = PBXBuildFile; fileRef = C18094F52448824A00AC5573 /* UpdateDetail.swift */; };
		C18094F8244884EC00AC5573 /* UpdateStore.swift in Sources */ = {isa = PBXBuildFile; fileRef = C18094F7244884EC00AC5573 /* UpdateStore.swift */; };
		C1D1019D244C65D400C1ADDC /* SnakeDetail.swift in Sources */ = {isa = PBXBuildFile; fileRef = C1D1019C244C65D400C1ADDC /* SnakeDetail.swift */; };
		C1D1019F244C6C0C00C1ADDC /* Data.swift in Sources */ = {isa = PBXBuildFile; fileRef = C1D1019E244C6C0C00C1ADDC /* Data.swift */; };
		C1D101A1244C6DEC00C1ADDC /* PostList.swift in Sources */ = {isa = PBXBuildFile; fileRef = C1D101A0244C6DEC00C1ADDC /* PostList.swift */; };
		C1D101A3244C70AD00C1ADDC /* DataStore.swift in Sources */ = {isa = PBXBuildFile; fileRef = C1D101A2244C70AD00C1ADDC /* DataStore.swift */; };
		C1D101A6244D681C00C1ADDC /* Contentful in Frameworks */ = {isa = PBXBuildFile; productRef = C1D101A5244D681C00C1ADDC /* Contentful */; };
		C1D101AA244D87C600C1ADDC /* Snake_Breed_Identification.mlmodel in Sources */ = {isa = PBXBuildFile; fileRef = C1D101A9244D87C500C1ADDC /* Snake_Breed_Identification.mlmodel */; };
		C1D101C0244DA65000C1ADDC /* CameraView.swift in Sources */ = {isa = PBXBuildFile; fileRef = C1D101BF244DA65000C1ADDC /* CameraView.swift */; };
		C1D101C2244DA71B00C1ADDC /* ImagePicker.swift in Sources */ = {isa = PBXBuildFile; fileRef = C1D101C1244DA71B00C1ADDC /* ImagePicker.swift */; };
		C1D101C4244DB7F300C1ADDC /* CustomCameraPhotoView.swift in Sources */ = {isa = PBXBuildFile; fileRef = C1D101C3244DB7F300C1ADDC /* CustomCameraPhotoView.swift */; };
/* End PBXBuildFile section */

/* Begin PBXFileReference section */
		C14147FF243C3BFB00BEAB7C /* SnakeApp.app */ = {isa = PBXFileReference; explicitFileType = wrapper.application; includeInIndex = 0; path = SnakeApp.app; sourceTree = BUILT_PRODUCTS_DIR; };
		C1414802243C3BFB00BEAB7C /* AppDelegate.swift */ = {isa = PBXFileReference; lastKnownFileType = sourcecode.swift; path = AppDelegate.swift; sourceTree = "<group>"; };
		C1414804243C3BFB00BEAB7C /* SceneDelegate.swift */ = {isa = PBXFileReference; lastKnownFileType = sourcecode.swift; path = SceneDelegate.swift; sourceTree = "<group>"; };
		C1414806243C3BFB00BEAB7C /* ContentView.swift */ = {isa = PBXFileReference; lastKnownFileType = sourcecode.swift; path = ContentView.swift; sourceTree = "<group>"; };
		C1414808243C3C0600BEAB7C /* Assets.xcassets */ = {isa = PBXFileReference; lastKnownFileType = folder.assetcatalog; path = Assets.xcassets; sourceTree = "<group>"; };
		C141480B243C3C0600BEAB7C /* Preview Assets.xcassets */ = {isa = PBXFileReference; lastKnownFileType = folder.assetcatalog; path = "Preview Assets.xcassets"; sourceTree = "<group>"; };
		C141480E243C3C0600BEAB7C /* Base */ = {isa = PBXFileReference; lastKnownFileType = file.storyboard; name = Base; path = Base.lproj/LaunchScreen.storyboard; sourceTree = "<group>"; };
		C1414810243C3C0600BEAB7C /* Info.plist */ = {isa = PBXFileReference; lastKnownFileType = text.plist.xml; path = Info.plist; sourceTree = "<group>"; };
		C147E2AC2449C29300128E1E /* Modifiers.swift */ = {isa = PBXFileReference; lastKnownFileType = sourcecode.swift; path = Modifiers.swift; sourceTree = "<group>"; };
		C147E2AF244AC40E00128E1E /* WorkSans-VariableFont_wght.ttf */ = {isa = PBXFileReference; lastKnownFileType = file; path = "WorkSans-VariableFont_wght.ttf"; sourceTree = "<group>"; };
		C147E2B1244AC40E00128E1E /* WorkSans-Regular.ttf */ = {isa = PBXFileReference; lastKnownFileType = file; path = "WorkSans-Regular.ttf"; sourceTree = "<group>"; };
		C147E2B2244AC40E00128E1E /* WorkSans-Light.ttf */ = {isa = PBXFileReference; lastKnownFileType = file; path = "WorkSans-Light.ttf"; sourceTree = "<group>"; };
		C147E2B3244AC40E00128E1E /* WorkSans-ExtraBold.ttf */ = {isa = PBXFileReference; lastKnownFileType = file; path = "WorkSans-ExtraBold.ttf"; sourceTree = "<group>"; };
		C147E2B4244AC40E00128E1E /* WorkSans-SemiBoldItalic.ttf */ = {isa = PBXFileReference; lastKnownFileType = file; path = "WorkSans-SemiBoldItalic.ttf"; sourceTree = "<group>"; };
		C147E2B5244AC40E00128E1E /* WorkSans-MediumItalic.ttf */ = {isa = PBXFileReference; lastKnownFileType = file; path = "WorkSans-MediumItalic.ttf"; sourceTree = "<group>"; };
		C147E2B6244AC40E00128E1E /* WorkSans-BoldItalic.ttf */ = {isa = PBXFileReference; lastKnownFileType = file; path = "WorkSans-BoldItalic.ttf"; sourceTree = "<group>"; };
		C147E2B7244AC40E00128E1E /* WorkSans-ExtraLight.ttf */ = {isa = PBXFileReference; lastKnownFileType = file; path = "WorkSans-ExtraLight.ttf"; sourceTree = "<group>"; };
		C147E2B8244AC40E00128E1E /* WorkSans-ThinItalic.ttf */ = {isa = PBXFileReference; lastKnownFileType = file; path = "WorkSans-ThinItalic.ttf"; sourceTree = "<group>"; };
		C147E2B9244AC40E00128E1E /* WorkSans-ExtraLightItalic.ttf */ = {isa = PBXFileReference; lastKnownFileType = file; path = "WorkSans-ExtraLightItalic.ttf"; sourceTree = "<group>"; };
		C147E2BA244AC40E00128E1E /* WorkSans-Medium.ttf */ = {isa = PBXFileReference; lastKnownFileType = file; path = "WorkSans-Medium.ttf"; sourceTree = "<group>"; };
		C147E2BB244AC40E00128E1E /* WorkSans-SemiBold.ttf */ = {isa = PBXFileReference; lastKnownFileType = file; path = "WorkSans-SemiBold.ttf"; sourceTree = "<group>"; };
		C147E2BC244AC40E00128E1E /* WorkSans-Italic.ttf */ = {isa = PBXFileReference; lastKnownFileType = file; path = "WorkSans-Italic.ttf"; sourceTree = "<group>"; };
		C147E2BD244AC40E00128E1E /* WorkSans-BlackItalic.ttf */ = {isa = PBXFileReference; lastKnownFileType = file; path = "WorkSans-BlackItalic.ttf"; sourceTree = "<group>"; };
		C147E2BE244AC40E00128E1E /* WorkSans-Thin.ttf */ = {isa = PBXFileReference; lastKnownFileType = file; path = "WorkSans-Thin.ttf"; sourceTree = "<group>"; };
		C147E2BF244AC40E00128E1E /* WorkSans-Black.ttf */ = {isa = PBXFileReference; lastKnownFileType = file; path = "WorkSans-Black.ttf"; sourceTree = "<group>"; };
		C147E2C0244AC40F00128E1E /* WorkSans-LightItalic.ttf */ = {isa = PBXFileReference; lastKnownFileType = file; path = "WorkSans-LightItalic.ttf"; sourceTree = "<group>"; };
		C147E2C1244AC40F00128E1E /* WorkSans-ExtraBoldItalic.ttf */ = {isa = PBXFileReference; lastKnownFileType = file; path = "WorkSans-ExtraBoldItalic.ttf"; sourceTree = "<group>"; };
		C147E2C2244AC40F00128E1E /* WorkSans-Bold.ttf */ = {isa = PBXFileReference; lastKnownFileType = file; path = "WorkSans-Bold.ttf"; sourceTree = "<group>"; };
		C147E2C3244AC40F00128E1E /* WorkSans-Italic-VariableFont_wght.ttf */ = {isa = PBXFileReference; lastKnownFileType = file; path = "WorkSans-Italic-VariableFont_wght.ttf"; sourceTree = "<group>"; };
		C147E2C4244AC40F00128E1E /* OFL.txt */ = {isa = PBXFileReference; fileEncoding = 4; lastKnownFileType = text; path = OFL.txt; sourceTree = "<group>"; };
		C147E2C5244AC40F00128E1E /* README.txt */ = {isa = PBXFileReference; fileEncoding = 4; lastKnownFileType = text; path = README.txt; sourceTree = "<group>"; };
		C147E2DC244C080100128E1E /* SnakeList.swift */ = {isa = PBXFileReference; lastKnownFileType = sourcecode.swift; path = SnakeList.swift; sourceTree = "<group>"; };
		C15C9C7D24457C6600758AC1 /* MenuView.swift */ = {isa = PBXFileReference; lastKnownFileType = sourcecode.swift; path = MenuView.swift; sourceTree = "<group>"; };
		C15E2DF724499D0E00B2139B /* TabBar.swift */ = {isa = PBXFileReference; lastKnownFileType = sourcecode.swift; path = TabBar.swift; sourceTree = "<group>"; };
		C15E2DFB2449A39B00B2139B /* RingView.swift */ = {isa = PBXFileReference; lastKnownFileType = sourcecode.swift; path = RingView.swift; sourceTree = "<group>"; };
		C15F3030244E71CF00A3C11E /* UpdateModel.xcdatamodel */ = {isa = PBXFileReference; lastKnownFileType = wrapper.xcdatamodel; path = UpdateModel.xcdatamodel; sourceTree = "<group>"; };
		C15F3042244E84D500A3C11E /* Result+CoreDataClass.swift */ = {isa = PBXFileReference; lastKnownFileType = sourcecode.swift; name = "Result+CoreDataClass.swift"; path = "SnakeApp/Data/Result+CoreDataClass.swift"; sourceTree = "<group>"; };
		C15F3043244E84D500A3C11E /* Result+CoreDataProperties.swift */ = {isa = PBXFileReference; lastKnownFileType = sourcecode.swift; name = "Result+CoreDataProperties.swift"; path = "SnakeApp/Data/Result+CoreDataProperties.swift"; sourceTree = "<group>"; };
		C15F3046244E84EB00A3C11E /* ResultList.swift */ = {isa = PBXFileReference; lastKnownFileType = sourcecode.swift; path = ResultList.swift; sourceTree = "<group>"; };
		C18094EF2448596E00AC5573 /* Home.swift */ = {isa = PBXFileReference; lastKnownFileType = sourcecode.swift; path = Home.swift; sourceTree = "<group>"; };
		C18094F124486A5A00AC5573 /* HomeView.swift */ = {isa = PBXFileReference; lastKnownFileType = sourcecode.swift; path = HomeView.swift; sourceTree = "<group>"; };
		C18094F324487EE600AC5573 /* UpdateList.swift */ = {isa = PBXFileReference; lastKnownFileType = sourcecode.swift; path = UpdateList.swift; sourceTree = "<group>"; };
		C18094F52448824A00AC5573 /* UpdateDetail.swift */ = {isa = PBXFileReference; lastKnownFileType = sourcecode.swift; path = UpdateDetail.swift; sourceTree = "<group>"; };
		C18094F7244884EC00AC5573 /* UpdateStore.swift */ = {isa = PBXFileReference; lastKnownFileType = sourcecode.swift; path = UpdateStore.swift; sourceTree = "<group>"; };
		C1D1019C244C65D400C1ADDC /* SnakeDetail.swift */ = {isa = PBXFileReference; lastKnownFileType = sourcecode.swift; path = SnakeDetail.swift; sourceTree = "<group>"; };
		C1D1019E244C6C0C00C1ADDC /* Data.swift */ = {isa = PBXFileReference; lastKnownFileType = sourcecode.swift; path = Data.swift; sourceTree = "<group>"; };
		C1D101A0244C6DEC00C1ADDC /* PostList.swift */ = {isa = PBXFileReference; lastKnownFileType = sourcecode.swift; path = PostList.swift; sourceTree = "<group>"; };
		C1D101A2244C70AD00C1ADDC /* DataStore.swift */ = {isa = PBXFileReference; lastKnownFileType = sourcecode.swift; path = DataStore.swift; sourceTree = "<group>"; };
		C1D101A9244D87C500C1ADDC /* Snake_Breed_Identification.mlmodel */ = {isa = PBXFileReference; lastKnownFileType = file.mlmodel; path = Snake_Breed_Identification.mlmodel; sourceTree = "<group>"; };
		C1D101BF244DA65000C1ADDC /* CameraView.swift */ = {isa = PBXFileReference; lastKnownFileType = sourcecode.swift; path = CameraView.swift; sourceTree = "<group>"; };
		C1D101C1244DA71B00C1ADDC /* ImagePicker.swift */ = {isa = PBXFileReference; lastKnownFileType = sourcecode.swift; path = ImagePicker.swift; sourceTree = "<group>"; xcLanguageSpecificationIdentifier = xcode.lang.simpleColoring; };
		C1D101C3244DB7F300C1ADDC /* CustomCameraPhotoView.swift */ = {isa = PBXFileReference; lastKnownFileType = sourcecode.swift; path = CustomCameraPhotoView.swift; sourceTree = "<group>"; };
/* End PBXFileReference section */

/* Begin PBXFrameworksBuildPhase section */
		C14147FC243C3BFB00BEAB7C /* Frameworks */ = {
			isa = PBXFrameworksBuildPhase;
			buildActionMask = 2147483647;
			files = (
				C1D101A6244D681C00C1ADDC /* Contentful in Frameworks */,
			);
			runOnlyForDeploymentPostprocessing = 0;
		};
/* End PBXFrameworksBuildPhase section */

/* Begin PBXGroup section */
		C14147F6243C3BFB00BEAB7C = {
			isa = PBXGroup;
			children = (
				C15F3042244E84D500A3C11E /* Result+CoreDataClass.swift */,
				C15F3043244E84D500A3C11E /* Result+CoreDataProperties.swift */,
				C1414801243C3BFB00BEAB7C /* SnakeApp */,
				C1414800243C3BFB00BEAB7C /* Products */,
			);
			sourceTree = "<group>";
		};
		C1414800243C3BFB00BEAB7C /* Products */ = {
			isa = PBXGroup;
			children = (
				C14147FF243C3BFB00BEAB7C /* SnakeApp.app */,
			);
			name = Products;
			sourceTree = "<group>";
		};
		C1414801243C3BFB00BEAB7C /* SnakeApp */ = {
			isa = PBXGroup;
			children = (
				C1414802243C3BFB00BEAB7C /* AppDelegate.swift */,
				C1414804243C3BFB00BEAB7C /* SceneDelegate.swift */,
				C1414806243C3BFB00BEAB7C /* ContentView.swift */,
				C15E2DFB2449A39B00B2139B /* RingView.swift */,
				C147E2AC2449C29300128E1E /* Modifiers.swift */,
				C18094EF2448596E00AC5573 /* Home.swift */,
				C18094F124486A5A00AC5573 /* HomeView.swift */,
				C1D101BF244DA65000C1ADDC /* CameraView.swift */,
				C1D101C1244DA71B00C1ADDC /* ImagePicker.swift */,
				C1D101C3244DB7F300C1ADDC /* CustomCameraPhotoView.swift */,
				C18094F324487EE600AC5573 /* UpdateList.swift */,
				C18094F52448824A00AC5573 /* UpdateDetail.swift */,
				C18094F7244884EC00AC5573 /* UpdateStore.swift */,
				C15F3046244E84EB00A3C11E /* ResultList.swift */,
				C1D1019E244C6C0C00C1ADDC /* Data.swift */,
				C1D101A2244C70AD00C1ADDC /* DataStore.swift */,
				C1D101A0244C6DEC00C1ADDC /* PostList.swift */,
				C15E2DF724499D0E00B2139B /* TabBar.swift */,
				C147E2DC244C080100128E1E /* SnakeList.swift */,
				C1D1019C244C65D400C1ADDC /* SnakeDetail.swift */,
				C15C9C7D24457C6600758AC1 /* MenuView.swift */,
				C1414808243C3C0600BEAB7C /* Assets.xcassets */,
				C15F302F244E71CF00A3C11E /* UpdateModel.xcdatamodeld */,
				C147E2AE244AC40E00128E1E /* Work_Sans */,
				C141480D243C3C0600BEAB7C /* LaunchScreen.storyboard */,
				C1414810243C3C0600BEAB7C /* Info.plist */,
				C1D101A9244D87C500C1ADDC /* Snake_Breed_Identification.mlmodel */,
				C141480A243C3C0600BEAB7C /* Preview Content */,
			);
			path = SnakeApp;
			sourceTree = "<group>";
		};
		C141480A243C3C0600BEAB7C /* Preview Content */ = {
			isa = PBXGroup;
			children = (
				C141480B243C3C0600BEAB7C /* Preview Assets.xcassets */,
			);
			path = "Preview Content";
			sourceTree = "<group>";
		};
		C147E2AE244AC40E00128E1E /* Work_Sans */ = {
			isa = PBXGroup;
			children = (
				C147E2AF244AC40E00128E1E /* WorkSans-VariableFont_wght.ttf */,
				C147E2B0244AC40E00128E1E /* static */,
				C147E2C3244AC40F00128E1E /* WorkSans-Italic-VariableFont_wght.ttf */,
				C147E2C4244AC40F00128E1E /* OFL.txt */,
				C147E2C5244AC40F00128E1E /* README.txt */,
			);
			path = Work_Sans;
			sourceTree = "<group>";
		};
		C147E2B0244AC40E00128E1E /* static */ = {
			isa = PBXGroup;
			children = (
				C147E2B1244AC40E00128E1E /* WorkSans-Regular.ttf */,
				C147E2B2244AC40E00128E1E /* WorkSans-Light.ttf */,
				C147E2B3244AC40E00128E1E /* WorkSans-ExtraBold.ttf */,
				C147E2B4244AC40E00128E1E /* WorkSans-SemiBoldItalic.ttf */,
				C147E2B5244AC40E00128E1E /* WorkSans-MediumItalic.ttf */,
				C147E2B6244AC40E00128E1E /* WorkSans-BoldItalic.ttf */,
				C147E2B7244AC40E00128E1E /* WorkSans-ExtraLight.ttf */,
				C147E2B8244AC40E00128E1E /* WorkSans-ThinItalic.ttf */,
				C147E2B9244AC40E00128E1E /* WorkSans-ExtraLightItalic.ttf */,
				C147E2BA244AC40E00128E1E /* WorkSans-Medium.ttf */,
				C147E2BB244AC40E00128E1E /* WorkSans-SemiBold.ttf */,
				C147E2BC244AC40E00128E1E /* WorkSans-Italic.ttf */,
				C147E2BD244AC40E00128E1E /* WorkSans-BlackItalic.ttf */,
				C147E2BE244AC40E00128E1E /* WorkSans-Thin.ttf */,
				C147E2BF244AC40E00128E1E /* WorkSans-Black.ttf */,
				C147E2C0244AC40F00128E1E /* WorkSans-LightItalic.ttf */,
				C147E2C1244AC40F00128E1E /* WorkSans-ExtraBoldItalic.ttf */,
				C147E2C2244AC40F00128E1E /* WorkSans-Bold.ttf */,
			);
			path = static;
			sourceTree = "<group>";
		};
/* End PBXGroup section */

/* Begin PBXNativeTarget section */
		C14147FE243C3BFB00BEAB7C /* SnakeApp */ = {
			isa = PBXNativeTarget;
			buildConfigurationList = C1414813243C3C0600BEAB7C /* Build configuration list for PBXNativeTarget "SnakeApp" */;
			buildPhases = (
				C14147FB243C3BFB00BEAB7C /* Sources */,
				C14147FC243C3BFB00BEAB7C /* Frameworks */,
				C14147FD243C3BFB00BEAB7C /* Resources */,
			);
			buildRules = (
			);
			dependencies = (
			);
			name = SnakeApp;
			packageProductDependencies = (
				C1D101A5244D681C00C1ADDC /* Contentful */,
			);
			productName = SnakeApp;
			productReference = C14147FF243C3BFB00BEAB7C /* SnakeApp.app */;
			productType = "com.apple.product-type.application";
		};
/* End PBXNativeTarget section */

/* Begin PBXProject section */
		C14147F7243C3BFB00BEAB7C /* Project object */ = {
			isa = PBXProject;
			attributes = {
				LastSwiftUpdateCheck = 1140;
				LastUpgradeCheck = 1140;
				ORGANIZATIONNAME = Casuy;
				TargetAttributes = {
					C14147FE243C3BFB00BEAB7C = {
						CreatedOnToolsVersion = 11.4;
					};
				};
			};
			buildConfigurationList = C14147FA243C3BFB00BEAB7C /* Build configuration list for PBXProject "SnakeApp" */;
			compatibilityVersion = "Xcode 9.3";
			developmentRegion = en;
			hasScannedForEncodings = 0;
			knownRegions = (
				en,
				Base,
			);
			mainGroup = C14147F6243C3BFB00BEAB7C;
			packageReferences = (
				C1D101A4244D681C00C1ADDC /* XCRemoteSwiftPackageReference "contentful.swift" */,
			);
			productRefGroup = C1414800243C3BFB00BEAB7C /* Products */;
			projectDirPath = "";
			projectRoot = "";
			targets = (
				C14147FE243C3BFB00BEAB7C /* SnakeApp */,
			);
		};
/* End PBXProject section */

/* Begin PBXResourcesBuildPhase section */
		C14147FD243C3BFB00BEAB7C /* Resources */ = {
			isa = PBXResourcesBuildPhase;
			buildActionMask = 2147483647;
			files = (
				C147E2D1244AC40F00128E1E /* WorkSans-SemiBold.ttf in Resources */,
				C141480F243C3C0600BEAB7C /* LaunchScreen.storyboard in Resources */,
				C147E2D5244AC40F00128E1E /* WorkSans-Black.ttf in Resources */,
				C147E2CB244AC40F00128E1E /* WorkSans-MediumItalic.ttf in Resources */,
				C147E2D4244AC40F00128E1E /* WorkSans-Thin.ttf in Resources */,
				C147E2CA244AC40F00128E1E /* WorkSans-SemiBoldItalic.ttf in Resources */,
				C147E2DA244AC40F00128E1E /* OFL.txt in Resources */,
				C147E2CC244AC40F00128E1E /* WorkSans-BoldItalic.ttf in Resources */,
				C147E2D8244AC40F00128E1E /* WorkSans-Bold.ttf in Resources */,
				C147E2C8244AC40F00128E1E /* WorkSans-Light.ttf in Resources */,
				C147E2D3244AC40F00128E1E /* WorkSans-BlackItalic.ttf in Resources */,
				C147E2D7244AC40F00128E1E /* WorkSans-ExtraBoldItalic.ttf in Resources */,
				C147E2D0244AC40F00128E1E /* WorkSans-Medium.ttf in Resources */,
				C147E2CE244AC40F00128E1E /* WorkSans-ThinItalic.ttf in Resources */,
				C147E2DB244AC40F00128E1E /* README.txt in Resources */,
				C147E2CD244AC40F00128E1E /* WorkSans-ExtraLight.ttf in Resources */,
				C147E2C9244AC40F00128E1E /* WorkSans-ExtraBold.ttf in Resources */,
				C147E2D2244AC40F00128E1E /* WorkSans-Italic.ttf in Resources */,
				C147E2D9244AC40F00128E1E /* WorkSans-Italic-VariableFont_wght.ttf in Resources */,
				C147E2C6244AC40F00128E1E /* WorkSans-VariableFont_wght.ttf in Resources */,
				C147E2CF244AC40F00128E1E /* WorkSans-ExtraLightItalic.ttf in Resources */,
				C141480C243C3C0600BEAB7C /* Preview Assets.xcassets in Resources */,
				C1414809243C3C0600BEAB7C /* Assets.xcassets in Resources */,
				C147E2C7244AC40F00128E1E /* WorkSans-Regular.ttf in Resources */,
				C147E2D6244AC40F00128E1E /* WorkSans-LightItalic.ttf in Resources */,
			);
			runOnlyForDeploymentPostprocessing = 0;
		};
/* End PBXResourcesBuildPhase section */

/* Begin PBXSourcesBuildPhase section */
		C14147FB243C3BFB00BEAB7C /* Sources */ = {
			isa = PBXSourcesBuildPhase;
			buildActionMask = 2147483647;
			files = (
				C15E2DFC2449A39B00B2139B /* RingView.swift in Sources */,
				C1D1019F244C6C0C00C1ADDC /* Data.swift in Sources */,
				C1D101A3244C70AD00C1ADDC /* DataStore.swift in Sources */,
				C1D101AA244D87C600C1ADDC /* Snake_Breed_Identification.mlmodel in Sources */,
				C1D1019D244C65D400C1ADDC /* SnakeDetail.swift in Sources */,
				C15F3047244E84EB00A3C11E /* ResultList.swift in Sources */,
				C1414803243C3BFB00BEAB7C /* AppDelegate.swift in Sources */,
				C18094F8244884EC00AC5573 /* UpdateStore.swift in Sources */,
				C18094F424487EE600AC5573 /* UpdateList.swift in Sources */,
				C15C9C7E24457C6600758AC1 /* MenuView.swift in Sources */,
				C147E2DD244C080100128E1E /* SnakeList.swift in Sources */,
				C15F3031244E71CF00A3C11E /* UpdateModel.xcdatamodeld in Sources */,
				C18094F62448824A00AC5573 /* UpdateDetail.swift in Sources */,
				C18094F02448596E00AC5573 /* Home.swift in Sources */,
				C1D101C4244DB7F300C1ADDC /* CustomCameraPhotoView.swift in Sources */,
				C18094F224486A5A00AC5573 /* HomeView.swift in Sources */,
				C15F3044244E84D500A3C11E /* Result+CoreDataClass.swift in Sources */,
				C1D101C0244DA65000C1ADDC /* CameraView.swift in Sources */,
				C1D101A1244C6DEC00C1ADDC /* PostList.swift in Sources */,
				C1414805243C3BFB00BEAB7C /* SceneDelegate.swift in Sources */,
				C1414807243C3BFB00BEAB7C /* ContentView.swift in Sources */,
				C15F3045244E84D500A3C11E /* Result+CoreDataProperties.swift in Sources */,
				C1D101C2244DA71B00C1ADDC /* ImagePicker.swift in Sources */,
				C15E2DF824499D0E00B2139B /* TabBar.swift in Sources */,
				C147E2AD2449C29300128E1E /* Modifiers.swift in Sources */,
			);
			runOnlyForDeploymentPostprocessing = 0;
		};
/* End PBXSourcesBuildPhase section */

/* Begin PBXVariantGroup section */
		C141480D243C3C0600BEAB7C /* LaunchScreen.storyboard */ = {
			isa = PBXVariantGroup;
			children = (
				C141480E243C3C0600BEAB7C /* Base */,
			);
			name = LaunchScreen.storyboard;
			sourceTree = "<group>";
		};
/* End PBXVariantGroup section */

/* Begin XCBuildConfiguration section */
		C1414811243C3C0600BEAB7C /* Debug */ = {
			isa = XCBuildConfiguration;
			buildSettings = {
				ALWAYS_SEARCH_USER_PATHS = NO;
				CLANG_ANALYZER_NONNULL = YES;
				CLANG_ANALYZER_NUMBER_OBJECT_CONVERSION = YES_AGGRESSIVE;
				CLANG_CXX_LANGUAGE_STANDARD = "gnu++14";
				CLANG_CXX_LIBRARY = "libc++";
				CLANG_ENABLE_MODULES = YES;
				CLANG_ENABLE_OBJC_ARC = YES;
				CLANG_ENABLE_OBJC_WEAK = YES;
				CLANG_WARN_BLOCK_CAPTURE_AUTORELEASING = YES;
				CLANG_WARN_BOOL_CONVERSION = YES;
				CLANG_WARN_COMMA = YES;
				CLANG_WARN_CONSTANT_CONVERSION = YES;
				CLANG_WARN_DEPRECATED_OBJC_IMPLEMENTATIONS = YES;
				CLANG_WARN_DIRECT_OBJC_ISA_USAGE = YES_ERROR;
				CLANG_WARN_DOCUMENTATION_COMMENTS = YES;
				CLANG_WARN_EMPTY_BODY = YES;
				CLANG_WARN_ENUM_CONVERSION = YES;
				CLANG_WARN_INFINITE_RECURSION = YES;
				CLANG_WARN_INT_CONVERSION = YES;
				CLANG_WARN_NON_LITERAL_NULL_CONVERSION = YES;
				CLANG_WARN_OBJC_IMPLICIT_RETAIN_SELF = YES;
				CLANG_WARN_OBJC_LITERAL_CONVERSION = YES;
				CLANG_WARN_OBJC_ROOT_CLASS = YES_ERROR;
				CLANG_WARN_RANGE_LOOP_ANALYSIS = YES;
				CLANG_WARN_STRICT_PROTOTYPES = YES;
				CLANG_WARN_SUSPICIOUS_MOVE = YES;
				CLANG_WARN_UNGUARDED_AVAILABILITY = YES_AGGRESSIVE;
				CLANG_WARN_UNREACHABLE_CODE = YES;
				CLANG_WARN__DUPLICATE_METHOD_MATCH = YES;
				COPY_PHASE_STRIP = NO;
				DEBUG_INFORMATION_FORMAT = dwarf;
				ENABLE_STRICT_OBJC_MSGSEND = YES;
				ENABLE_TESTABILITY = YES;
				GCC_C_LANGUAGE_STANDARD = gnu11;
				GCC_DYNAMIC_NO_PIC = NO;
				GCC_NO_COMMON_BLOCKS = YES;
				GCC_OPTIMIZATION_LEVEL = 0;
				GCC_PREPROCESSOR_DEFINITIONS = (
					"DEBUG=1",
					"$(inherited)",
				);
				GCC_WARN_64_TO_32_BIT_CONVERSION = YES;
				GCC_WARN_ABOUT_RETURN_TYPE = YES_ERROR;
				GCC_WARN_UNDECLARED_SELECTOR = YES;
				GCC_WARN_UNINITIALIZED_AUTOS = YES_AGGRESSIVE;
				GCC_WARN_UNUSED_FUNCTION = YES;
				GCC_WARN_UNUSED_VARIABLE = YES;
				IPHONEOS_DEPLOYMENT_TARGET = 13.4;
				MTL_ENABLE_DEBUG_INFO = INCLUDE_SOURCE;
				MTL_FAST_MATH = YES;
				ONLY_ACTIVE_ARCH = YES;
				SDKROOT = iphoneos;
				SWIFT_ACTIVE_COMPILATION_CONDITIONS = DEBUG;
				SWIFT_OPTIMIZATION_LEVEL = "-Onone";
			};
			name = Debug;
		};
		C1414812243C3C0600BEAB7C /* Release */ = {
			isa = XCBuildConfiguration;
			buildSettings = {
				ALWAYS_SEARCH_USER_PATHS = NO;
				CLANG_ANALYZER_NONNULL = YES;
				CLANG_ANALYZER_NUMBER_OBJECT_CONVERSION = YES_AGGRESSIVE;
				CLANG_CXX_LANGUAGE_STANDARD = "gnu++14";
				CLANG_CXX_LIBRARY = "libc++";
				CLANG_ENABLE_MODULES = YES;
				CLANG_ENABLE_OBJC_ARC = YES;
				CLANG_ENABLE_OBJC_WEAK = YES;
				CLANG_WARN_BLOCK_CAPTURE_AUTORELEASING = YES;
				CLANG_WARN_BOOL_CONVERSION = YES;
				CLANG_WARN_COMMA = YES;
				CLANG_WARN_CONSTANT_CONVERSION = YES;
				CLANG_WARN_DEPRECATED_OBJC_IMPLEMENTATIONS = YES;
				CLANG_WARN_DIRECT_OBJC_ISA_USAGE = YES_ERROR;
				CLANG_WARN_DOCUMENTATION_COMMENTS = YES;
				CLANG_WARN_EMPTY_BODY = YES;
				CLANG_WARN_ENUM_CONVERSION = YES;
				CLANG_WARN_INFINITE_RECURSION = YES;
				CLANG_WARN_INT_CONVERSION = YES;
				CLANG_WARN_NON_LITERAL_NULL_CONVERSION = YES;
				CLANG_WARN_OBJC_IMPLICIT_RETAIN_SELF = YES;
				CLANG_WARN_OBJC_LITERAL_CONVERSION = YES;
				CLANG_WARN_OBJC_ROOT_CLASS = YES_ERROR;
				CLANG_WARN_RANGE_LOOP_ANALYSIS = YES;
				CLANG_WARN_STRICT_PROTOTYPES = YES;
				CLANG_WARN_SUSPICIOUS_MOVE = YES;
				CLANG_WARN_UNGUARDED_AVAILABILITY = YES_AGGRESSIVE;
				CLANG_WARN_UNREACHABLE_CODE = YES;
				CLANG_WARN__DUPLICATE_METHOD_MATCH = YES;
				COPY_PHASE_STRIP = NO;
				DEBUG_INFORMATION_FORMAT = "dwarf-with-dsym";
				ENABLE_NS_ASSERTIONS = NO;
				ENABLE_STRICT_OBJC_MSGSEND = YES;
				GCC_C_LANGUAGE_STANDARD = gnu11;
				GCC_NO_COMMON_BLOCKS = YES;
				GCC_WARN_64_TO_32_BIT_CONVERSION = YES;
				GCC_WARN_ABOUT_RETURN_TYPE = YES_ERROR;
				GCC_WARN_UNDECLARED_SELECTOR = YES;
				GCC_WARN_UNINITIALIZED_AUTOS = YES_AGGRESSIVE;
				GCC_WARN_UNUSED_FUNCTION = YES;
				GCC_WARN_UNUSED_VARIABLE = YES;
				IPHONEOS_DEPLOYMENT_TARGET = 13.4;
				MTL_ENABLE_DEBUG_INFO = NO;
				MTL_FAST_MATH = YES;
				SDKROOT = iphoneos;
				SWIFT_COMPILATION_MODE = wholemodule;
				SWIFT_OPTIMIZATION_LEVEL = "-O";
				VALIDATE_PRODUCT = YES;
			};
			name = Release;
		};
		C1414814243C3C0600BEAB7C /* Debug */ = {
			isa = XCBuildConfiguration;
			buildSettings = {
				ASSETCATALOG_COMPILER_APPICON_NAME = AppIcon;
				CODE_SIGN_STYLE = Automatic;
				DEVELOPMENT_ASSET_PATHS = "\"SnakeApp/Preview Content\"";
				DEVELOPMENT_TEAM = XTBYNHT5LF;
				ENABLE_PREVIEWS = YES;
				INFOPLIST_FILE = SnakeApp/Info.plist;
				LD_RUNPATH_SEARCH_PATHS = (
					"$(inherited)",
					"@executable_path/Frameworks",
				);
				PRODUCT_BUNDLE_IDENTIFIER = com.casuy.SnakeApp;
				PRODUCT_NAME = "$(TARGET_NAME)";
				SWIFT_VERSION = 5.0;
				TARGETED_DEVICE_FAMILY = "1,2";
			};
			name = Debug;
		};
		C1414815243C3C0600BEAB7C /* Release */ = {
			isa = XCBuildConfiguration;
			buildSettings = {
				ASSETCATALOG_COMPILER_APPICON_NAME = AppIcon;
				CODE_SIGN_STYLE = Automatic;
				DEVELOPMENT_ASSET_PATHS = "\"SnakeApp/Preview Content\"";
				DEVELOPMENT_TEAM = XTBYNHT5LF;
				ENABLE_PREVIEWS = YES;
				INFOPLIST_FILE = SnakeApp/Info.plist;
				LD_RUNPATH_SEARCH_PATHS = (
					"$(inherited)",
					"@executable_path/Frameworks",
				);
				PRODUCT_BUNDLE_IDENTIFIER = com.casuy.SnakeApp;
				PRODUCT_NAME = "$(TARGET_NAME)";
				SWIFT_VERSION = 5.0;
				TARGETED_DEVICE_FAMILY = "1,2";
			};
			name = Release;
		};
/* End XCBuildConfiguration section */

/* Begin XCConfigurationList section */
		C14147FA243C3BFB00BEAB7C /* Build configuration list for PBXProject "SnakeApp" */ = {
			isa = XCConfigurationList;
			buildConfigurations = (
				C1414811243C3C0600BEAB7C /* Debug */,
				C1414812243C3C0600BEAB7C /* Release */,
			);
			defaultConfigurationIsVisible = 0;
			defaultConfigurationName = Release;
		};
		C1414813243C3C0600BEAB7C /* Build configuration list for PBXNativeTarget "SnakeApp" */ = {
			isa = XCConfigurationList;
			buildConfigurations = (
				C1414814243C3C0600BEAB7C /* Debug */,
				C1414815243C3C0600BEAB7C /* Release */,
			);
			defaultConfigurationIsVisible = 0;
			defaultConfigurationName = Release;
		};
/* End XCConfigurationList section */

/* Begin XCRemoteSwiftPackageReference section */
		C1D101A4244D681C00C1ADDC /* XCRemoteSwiftPackageReference "contentful.swift" */ = {
			isa = XCRemoteSwiftPackageReference;
			repositoryURL = "https://github.com/contentful/contentful.swift.git";
			requirement = {
				kind = upToNextMajorVersion;
				minimumVersion = 5.0.9;
			};
		};
/* End XCRemoteSwiftPackageReference section */

/* Begin XCSwiftPackageProductDependency section */
		C1D101A5244D681C00C1ADDC /* Contentful */ = {
			isa = XCSwiftPackageProductDependency;
			package = C1D101A4244D681C00C1ADDC /* XCRemoteSwiftPackageReference "contentful.swift" */;
			productName = Contentful;
		};
/* End XCSwiftPackageProductDependency section */

/* Begin XCVersionGroup section */
		C15F302F244E71CF00A3C11E /* UpdateModel.xcdatamodeld */ = {
			isa = XCVersionGroup;
			children = (
				C15F3030244E71CF00A3C11E /* UpdateModel.xcdatamodel */,
			);
			currentVersion = C15F3030244E71CF00A3C11E /* UpdateModel.xcdatamodel */;
			path = UpdateModel.xcdatamodeld;
			sourceTree = "<group>";
			versionGroupType = wrapper.xcdatamodel;
		};
/* End XCVersionGroup section */
	};
	rootObject = C14147F7243C3BFB00BEAB7C /* Project object */;
}
